// !$*UTF8*$!
{
	archiveVersion = 1;
	classes = {
	};
	objectVersion = 50;
	objects = {

/* Begin PBXBuildFile section */
		8B492EC020E7569100CEE25D /* AppDelegate.swift in Sources */ = {isa = PBXBuildFile; fileRef = 8B492EBF20E7569100CEE25D /* AppDelegate.swift */; };
		8B492EC220E7569100CEE25D /* ViewController.swift in Sources */ = {isa = PBXBuildFile; fileRef = 8B492EC120E7569100CEE25D /* ViewController.swift */; };
		8B492EC520E7569100CEE25D /* Main.storyboard in Resources */ = {isa = PBXBuildFile; fileRef = 8B492EC320E7569100CEE25D /* Main.storyboard */; };
		8B492EC820E7569100CEE25D /* chain_animation.xcdatamodeld in Sources */ = {isa = PBXBuildFile; fileRef = 8B492EC620E7569100CEE25D /* chain_animation.xcdatamodeld */; };
		8B492ECA20E7569700CEE25D /* Assets.xcassets in Resources */ = {isa = PBXBuildFile; fileRef = 8B492EC920E7569700CEE25D /* Assets.xcassets */; };
		8B492ECD20E7569700CEE25D /* LaunchScreen.storyboard in Resources */ = {isa = PBXBuildFile; fileRef = 8B492ECB20E7569700CEE25D /* LaunchScreen.storyboard */; };
/* End PBXBuildFile section */

/* Begin PBXFileReference section */
		8B492EBC20E7569100CEE25D /* chain animation.app */ = {isa = PBXFileReference; explicitFileType = wrapper.application; includeInIndex = 0; path = "chain animation.app"; sourceTree = BUILT_PRODUCTS_DIR; };
		8B492EBF20E7569100CEE25D /* AppDelegate.swift */ = {isa = PBXFileReference; lastKnownFileType = sourcecode.swift; path = AppDelegate.swift; sourceTree = "<group>"; };
		8B492EC120E7569100CEE25D /* ViewController.swift */ = {isa = PBXFileReference; lastKnownFileType = sourcecode.swift; path = ViewController.swift; sourceTree = "<group>"; };
		8B492EC420E7569100CEE25D /* Base */ = {isa = PBXFileReference; lastKnownFileType = file.storyboard; name = Base; path = Base.lproj/Main.storyboard; sourceTree = "<group>"; };
		8B492EC720E7569100CEE25D /* chain_animation.xcdatamodel */ = {isa = PBXFileReference; lastKnownFileType = wrapper.xcdatamodel; path = chain_animation.xcdatamodel; sourceTree = "<group>"; };
		8B492EC920E7569700CEE25D /* Assets.xcassets */ = {isa = PBXFileReference; lastKnownFileType = folder.assetcatalog; path = Assets.xcassets; sourceTree = "<group>"; };
		8B492ECC20E7569700CEE25D /* Base */ = {isa = PBXFileReference; lastKnownFileType = file.storyboard; name = Base; path = Base.lproj/LaunchScreen.storyboard; sourceTree = "<group>"; };
		8B492ECE20E7569700CEE25D /* Info.plist */ = {isa = PBXFileReference; lastKnownFileType = text.plist.xml; path = Info.plist; sourceTree = "<group>"; };
/* End PBXFileReference section */

/* Begin PBXFrameworksBuildPhase section */
		8B492EB920E7569100CEE25D /* Frameworks */ = {
			isa = PBXFrameworksBuildPhase;
			buildActionMask = 2147483647;
			files = (
			);
			runOnlyForDeploymentPostprocessing = 0;
		};
/* End PBXFrameworksBuildPhase section */

/* Begin PBXGroup section */
		8B492EB320E7569100CEE25D = {
			isa = PBXGroup;
			children = (
				8B492EBE20E7569100CEE25D /* chain animation */,
				8B492EBD20E7569100CEE25D /* Products */,
			);
			sourceTree = "<group>";
		};
		8B492EBD20E7569100CEE25D /* Products */ = {
			isa = PBXGroup;
			children = (
				8B492EBC20E7569100CEE25D /* chain animation.app */,
			);
			name = Products;
			sourceTree = "<group>";
		};
		8B492EBE20E7569100CEE25D /* chain animation */ = {
			isa = PBXGroup;
			children = (
				8B492EBF20E7569100CEE25D /* AppDelegate.swift */,
				8B492EC120E7569100CEE25D /* ViewController.swift */,
				8B492EC320E7569100CEE25D /* Main.storyboard */,
				8B492EC920E7569700CEE25D /* Assets.xcassets */,
				8B492ECB20E7569700CEE25D /* LaunchScreen.storyboard */,
				8B492ECE20E7569700CEE25D /* Info.plist */,
				8B492EC620E7569100CEE25D /* chain_animation.xcdatamodeld */,
			);
			path = "chain animation";
			sourceTree = "<group>";
		};
/* End PBXGroup section */

/* Begin PBXNativeTarget section */
		8B492EBB20E7569100CEE25D /* chain animation */ = {
			isa = PBXNativeTarget;
			buildConfigurationList = 8B492ED120E7569700CEE25D /* Build configuration list for PBXNativeTarget "chain animation" */;
			buildPhases = (
				8B492EB820E7569100CEE25D /* Sources */,
				8B492EB920E7569100CEE25D /* Frameworks */,
				8B492EBA20E7569100CEE25D /* Resources */,
			);
			buildRules = (
			);
			dependencies = (
			);
			name = "chain animation";
			productName = "chain animation";
			productReference = 8B492EBC20E7569100CEE25D /* chain animation.app */;
			productType = "com.apple.product-type.application";
		};
/* End PBXNativeTarget section */

/* Begin PBXProject section */
		8B492EB420E7569100CEE25D /* Project object */ = {
			isa = PBXProject;
			attributes = {
				LastSwiftUpdateCheck = 0940;
				LastUpgradeCheck = 0940;
				ORGANIZATIONNAME = "Dhawal Mahajan";
				TargetAttributes = {
					8B492EBB20E7569100CEE25D = {
						CreatedOnToolsVersion = 9.4.1;
					};
				};
			};
			buildConfigurationList = 8B492EB720E7569100CEE25D /* Build configuration list for PBXProject "chain animation" */;
			compatibilityVersion = "Xcode 9.3";
			developmentRegion = en;
			hasScannedForEncodings = 0;
			knownRegions = (
				en,
				Base,
			);
			mainGroup = 8B492EB320E7569100CEE25D;
			productRefGroup = 8B492EBD20E7569100CEE25D /* Products */;
			projectDirPath = "";
			projectRoot = "";
			targets = (
				8B492EBB20E7569100CEE25D /* chain animation */,
			);
		};
/* End PBXProject section */

/* Begin PBXResourcesBuildPhase section */
		8B492EBA20E7569100CEE25D /* Resources */ = {
			isa = PBXResourcesBuildPhase;
			buildActionMask = 2147483647;
			files = (
				8B492ECD20E7569700CEE25D /* LaunchScreen.storyboard in Resources */,
				8B492ECA20E7569700CEE25D /* Assets.xcassets in Resources */,
				8B492EC520E7569100CEE25D /* Main.storyboard in Resources */,
			);
			runOnlyForDeploymentPostprocessing = 0;
		};
/* End PBXResourcesBuildPhase section */

/* Begin PBXSourcesBuildPhase section */
		8B492EB820E7569100CEE25D /* Sources */ = {
			isa = PBXSourcesBuildPhase;
			buildActionMask = 2147483647;
			files = (
				8B492EC820E7569100CEE25D /* chain_animation.xcdatamodeld in Sources */,
				8B492EC220E7569100CEE25D /* ViewController.swift in Sources */,
				8B492EC020E7569100CEE25D /* AppDelegate.swift in Sources */,
			);
			runOnlyForDeploymentPostprocessing = 0;
		};
/* End PBXSourcesBuildPhase section */

/* Begin PBXVariantGroup section */
		8B492EC320E7569100CEE25D /* Main.storyboard */ = {
			isa = PBXVariantGroup;
			children = (
				8B492EC420E7569100CEE25D /* Base */,
			);
			name = Main.storyboard;
			sourceTree = "<group>";
		};
		8B492ECB20E7569700CEE25D /* LaunchScreen.storyboard */ = {
			isa = PBXVariantGroup;
			children = (
				8B492ECC20E7569700CEE25D /* Base */,
			);
			name = LaunchScreen.storyboard;
			sourceTree = "<group>";
		};
/* End PBXVariantGroup section */

/* Begin XCBuildConfiguration section */
		8B492ECF20E7569700CEE25D /* Debug */ = {
			isa = XCBuildConfiguration;
			buildSettings = {
				ALWAYS_SEARCH_USER_PATHS = NO;
				CLANG_ANALYZER_NONNULL = YES;
				CLANG_ANALYZER_NUMBER_OBJECT_CONVERSION = YES_AGGRESSIVE;
				CLANG_CXX_LANGUAGE_STANDARD = "gnu++14";
				CLANG_CXX_LIBRARY = "libc++";
				CLANG_ENABLE_MODULES = YES;
				CLANG_ENABLE_OBJC_ARC = YES;
				CLANG_ENABLE_OBJC_WEAK = YES;
				CLANG_WARN_BLOCK_CAPTURE_AUTORELEASING = YES;
				CLANG_WARN_BOOL_CONVERSION = YES;
				CLANG_WARN_COMMA = YES;
				CLANG_WARN_CONSTANT_CONVERSION = YES;
				CLANG_WARN_DEPRECATED_OBJC_IMPLEMENTATIONS = YES;
				CLANG_WARN_DIRECT_OBJC_ISA_USAGE = YES_ERROR;
				CLANG_WARN_DOCUMENTATION_COMMENTS = YES;
				CLANG_WARN_EMPTY_BODY = YES;
				CLANG_WARN_ENUM_CONVERSION = YES;
				CLANG_WARN_INFINITE_RECURSION = YES;
				CLANG_WARN_INT_CONVERSION = YES;
				CLANG_WARN_NON_LITERAL_NULL_CONVERSION = YES;
				CLANG_WARN_OBJC_IMPLICIT_RETAIN_SELF = YES;
				CLANG_WARN_OBJC_LITERAL_CONVERSION = YES;
				CLANG_WARN_OBJC_ROOT_CLASS = YES_ERROR;
				CLANG_WARN_RANGE_LOOP_ANALYSIS = YES;
				CLANG_WARN_STRICT_PROTOTYPES = YES;
				CLANG_WARN_SUSPICIOUS_MOVE = YES;
				CLANG_WARN_UNGUARDED_AVAILABILITY = YES_AGGRESSIVE;
				CLANG_WARN_UNREACHABLE_CODE = YES;
				CLANG_WARN__DUPLICATE_METHOD_MATCH = YES;
				CODE_SIGN_IDENTITY = "iPhone Developer";
				COPY_PHASE_STRIP = NO;
				DEBUG_INFORMATION_FORMAT = dwarf;
				ENABLE_STRICT_OBJC_MSGSEND = YES;
				ENABLE_TESTABILITY = YES;
				GCC_C_LANGUAGE_STANDARD = gnu11;
				GCC_DYNAMIC_NO_PIC = NO;
				GCC_NO_COMMON_BLOCKS = YES;
				GCC_OPTIMIZATION_LEVEL = 0;
				GCC_PREPROCESSOR_DEFINITIONS = (
					"DEBUG=1",
					"$(inherited)",
				);
				GCC_WARN_64_TO_32_BIT_CONVERSION = YES;
				GCC_WARN_ABOUT_RETURN_TYPE = YES_ERROR;
				GCC_WARN_UNDECLARED_SELECTOR = YES;
				GCC_WARN_UNINITIALIZED_AUTOS = YES_AGGRESSIVE;
				GCC_WARN_UNUSED_FUNCTION = YES;
				GCC_WARN_UNUSED_VARIABLE = YES;
				IPHONEOS_DEPLOYMENT_TARGET = 11.4;
				MTL_ENABLE_DEBUG_INFO = YES;
				ONLY_ACTIVE_ARCH = YES;
				SDKROOT = iphoneos;
				SWIFT_ACTIVE_COMPILATION_CONDITIONS = DEBUG;
				SWIFT_OPTIMIZATION_LEVEL = "-Onone";
			};
			name = Debug;
		};
		8B492ED020E7569700CEE25D /* Release */ = {
			isa = XCBuildConfiguration;
			buildSettings = {
				ALWAYS_SEARCH_USER_PATHS = NO;
				CLANG_ANALYZER_NONNULL = YES;
				CLANG_ANALYZER_NUMBER_OBJECT_CONVERSION = YES_AGGRESSIVE;
				CLANG_CXX_LANGUAGE_STANDARD = "gnu++14";
				CLANG_CXX_LIBRARY = "libc++";
				CLANG_ENABLE_MODULES = YES;
				CLANG_ENABLE_OBJC_ARC = YES;
				CLANG_ENABLE_OBJC_WEAK = YES;
				CLANG_WARN_BLOCK_CAPTURE_AUTORELEASING = YES;
				CLANG_WARN_BOOL_CONVERSION = YES;
				CLANG_WARN_COMMA = YES;
				CLANG_WARN_CONSTANT_CONVERSION = YES;
				CLANG_WARN_DEPRECATED_OBJC_IMPLEMENTATIONS = YES;
				CLANG_WARN_DIRECT_OBJC_ISA_USAGE = YES_ERROR;
				CLANG_WARN_DOCUMENTATION_COMMENTS = YES;
				CLANG_WARN_EMPTY_BODY = YES;
				CLANG_WARN_ENUM_CONVERSION = YES;
				CLANG_WARN_INFINITE_RECURSION = YES;
				CLANG_WARN_INT_CONVERSION = YES;
				CLANG_WARN_NON_LITERAL_NULL_CONVERSION = YES;
				CLANG_WARN_OBJC_IMPLICIT_RETAIN_SELF = YES;
				CLANG_WARN_OBJC_LITERAL_CONVERSION = YES;
				CLANG_WARN_OBJC_ROOT_CLASS = YES_ERROR;
				CLANG_WARN_RANGE_LOOP_ANALYSIS = YES;
				CLANG_WARN_STRICT_PROTOTYPES = YES;
				CLANG_WARN_SUSPICIOUS_MOVE = YES;
				CLANG_WARN_UNGUARDED_AVAILABILITY = YES_AGGRESSIVE;
				CLANG_WARN_UNREACHABLE_CODE = YES;
				CLANG_WARN__DUPLICATE_METHOD_MATCH = YES;
				CODE_SIGN_IDENTITY = "iPhone Developer";
				COPY_PHASE_STRIP = NO;
				DEBUG_INFORMATION_FORMAT = "dwarf-with-dsym";
				ENABLE_NS_ASSERTIONS = NO;
				ENABLE_STRICT_OBJC_MSGSEND = YES;
				GCC_C_LANGUAGE_STANDARD = gnu11;
				GCC_NO_COMMON_BLOCKS = YES;
				GCC_WARN_64_TO_32_BIT_CONVERSION = YES;
				GCC_WARN_ABOUT_RETURN_TYPE = YES_ERROR;
				GCC_WARN_UNDECLARED_SELECTOR = YES;
				GCC_WARN_UNINITIALIZED_AUTOS = YES_AGGRESSIVE;
				GCC_WARN_UNUSED_FUNCTION = YES;
				GCC_WARN_UNUSED_VARIABLE = YES;
				IPHONEOS_DEPLOYMENT_TARGET = 11.4;
				MTL_ENABLE_DEBUG_INFO = NO;
				SDKROOT = iphoneos;
				SWIFT_COMPILATION_MODE = wholemodule;
				SWIFT_OPTIMIZATION_LEVEL = "-O";
				VALIDATE_PRODUCT = YES;
			};
			name = Release;
		};
		8B492ED220E7569700CEE25D /* Debug */ = {
			isa = XCBuildConfiguration;
			buildSettings = {
				ASSETCATALOG_COMPILER_APPICON_NAME = AppIcon;
				CODE_SIGN_STYLE = Automatic;
				DEVELOPMENT_TEAM = ZZ7FUS4T92;
				INFOPLIST_FILE = "chain animation/Info.plist";
				LD_RUNPATH_SEARCH_PATHS = (
					"$(inherited)",
					"@executable_path/Frameworks",
				);
				PRODUCT_BUNDLE_IDENTIFIER = "Dhawal-Mahajan.chain-animation";
				PRODUCT_NAME = "$(TARGET_NAME)";
				SWIFT_VERSION = 4.0;
				TARGETED_DEVICE_FAMILY = "1,2";
			};
			name = Debug;
		};
		8B492ED320E7569700CEE25D /* Release */ = {
			isa = XCBuildConfiguration;
			buildSettings = {
				ASSETCATALOG_COMPILER_APPICON_NAME = AppIcon;
				CODE_SIGN_STYLE = Automatic;
				DEVELOPMENT_TEAM = ZZ7FUS4T92;
				INFOPLIST_FILE = "chain animation/Info.plist";
				LD_RUNPATH_SEARCH_PATHS = (
					"$(inherited)",
					"@executable_path/Frameworks",
				);
				PRODUCT_BUNDLE_IDENTIFIER = "Dhawal-Mahajan.chain-animation";
				PRODUCT_NAME = "$(TARGET_NAME)";
				SWIFT_VERSION = 4.0;
				TARGETED_DEVICE_FAMILY = "1,2";
			};
			name = Release;
		};
/* End XCBuildConfiguration section */

/* Begin XCConfigurationList section */
		8B492EB720E7569100CEE25D /* Build configuration list for PBXProject "chain animation" */ = {
			isa = XCConfigurationList;
			buildConfigurations = (
				8B492ECF20E7569700CEE25D /* Debug */,
				8B492ED020E7569700CEE25D /* Release */,
			);
			defaultConfigurationIsVisible = 0;
			defaultConfigurationName = Release;
		};
		8B492ED120E7569700CEE25D /* Build configuration list for PBXNativeTarget "chain animation" */ = {
			isa = XCConfigurationList;
			buildConfigurations = (
				8B492ED220E7569700CEE25D /* Debug */,
				8B492ED320E7569700CEE25D /* Release */,
			);
			defaultConfigurationIsVisible = 0;
			defaultConfigurationName = Release;
		};
/* End XCConfigurationList section */

/* Begin XCVersionGroup section */
		8B492EC620E7569100CEE25D /* chain_animation.xcdatamodeld */ = {
			isa = XCVersionGroup;
			children = (
				8B492EC720E7569100CEE25D /* chain_animation.xcdatamodel */,
			);
			currentVersion = 8B492EC720E7569100CEE25D /* chain_animation.xcdatamodel */;
			path = chain_animation.xcdatamodeld;
			sourceTree = "<group>";
			versionGroupType = wrapper.xcdatamodel;
		};
/* End XCVersionGroup section */
	};
	rootObject = 8B492EB420E7569100CEE25D /* Project object */;
}
